
Microsoft Visual Studio Solution File, Format Version 12.00
# Visual Studio Version 16
VisualStudioVersion = 16.0.31005.135
MinimumVisualStudioVersion = 10.0.40219.1
Project("{9A19103F-16F7-4668-BE54-9A1E7A4F7556}") = "AspNetCore.CodeGeneration31", "AspNetCore.CodeGeneration31\AspNetCore.CodeGeneration31.csproj", "{AE63056F-23B4-448A-A3B7-0C50282ED328}"
EndProject
Global
	GlobalSection(SolutionConfigurationPlatforms) = preSolution
		Debug|Any CPU = Debug|Any CPU
		Release|Any CPU = Release|Any CPU
	EndGlobalSection
	GlobalSection(ProjectConfigurationPlatforms) = postSolution
		{AE63056F-23B4-448A-A3B7-0C50282ED328}.Debug|Any CPU.ActiveCfg = Debug|Any CPU
		{AE63056F-23B4-448A-A3B7-0C50282ED328}.Debug|Any CPU.Build.0 = Debug|Any CPU
		{AE63056F-23B4-448A-A3B7-0C50282ED328}.Release|Any CPU.ActiveCfg = Release|Any CPU
		{AE63056F-23B4-448A-A3B7-0C50282ED328}.Release|Any CPU.Build.0 = Release|Any CPU
	EndGlobalSection
	GlobalSection(SolutionProperties) = preSolution
		HideSolutionNode = FALSE
	EndGlobalSection
	GlobalSection(ExtensibilityGlobals) = postSolution
		SolutionGuid = {8A933DB7-6790-4A64-8F12-A40F8A8C47AD}
	EndGlobalSection
EndGlobal
